
Microsoft Visual Studio Solution File, Format Version 12.00
# Visual Studio Version 16
VisualStudioVersion = 16.0.30523.141
MinimumVisualStudioVersion = 10.0.40219.1
Project("{FAE04EC0-301F-11D3-BF4B-00C04F79EFBC}") = "ContactCards", "ContactCards\ContactCards.csproj", "{8D578E29-1B5E-4F68-8BA4-6A064B8BE38D}"
EndProject
Global
	GlobalSection(SolutionConfigurationPlatforms) = preSolution
		Debug|Any CPU = Debug|Any CPU
		Release|Any CPU = Release|Any CPU
	EndGlobalSection
	GlobalSection(ProjectConfigurationPlatforms) = postSolution
		{8D578E29-1B5E-4F68-8BA4-6A064B8BE38D}.Debug|Any CPU.ActiveCfg = Debug|Any CPU
		{8D578E29-1B5E-4F68-8BA4-6A064B8BE38D}.Debug|Any CPU.Build.0 = Debug|Any CPU
		{8D578E29-1B5E-4F68-8BA4-6A064B8BE38D}.Release|Any CPU.ActiveCfg = Release|Any CPU
		{8D578E29-1B5E-4F68-8BA4-6A064B8BE38D}.Release|Any CPU.Build.0 = Release|Any CPU
	EndGlobalSection
	GlobalSection(SolutionProperties) = preSolution
		HideSolutionNode = FALSE
	EndGlobalSection
	GlobalSection(ExtensibilityGlobals) = postSolution
		SolutionGuid = {CDA0E612-15CD-43BD-A88F-5154F5DC0C71}
	EndGlobalSection
EndGlobal
